
Microsoft Visual Studio Solution File, Format Version 12.00
# Visual Studio 15
VisualStudioVersion = 15.0.27703.2042
MinimumVisualStudioVersion = 10.0.40219.1
Project("{FAE04EC0-301F-11D3-BF4B-00C04F79EFBC}") = "DescriptiveIndex", "DescriptiveIndex\DescriptiveIndex.csproj", "{6ACBB699-108E-42A6-843D-9E70A4DEB683}"
EndProject
Global
	GlobalSection(SolutionConfigurationPlatforms) = preSolution
		Debug|Any CPU = Debug|Any CPU
		Release|Any CPU = Release|Any CPU
	EndGlobalSection
	GlobalSection(ProjectConfigurationPlatforms) = postSolution
		{6ACBB699-108E-42A6-843D-9E70A4DEB683}.Debug|Any CPU.ActiveCfg = Debug|Any CPU
		{6ACBB699-108E-42A6-843D-9E70A4DEB683}.Debug|Any CPU.Build.0 = Debug|Any CPU
		{6ACBB699-108E-42A6-843D-9E70A4DEB683}.Release|Any CPU.ActiveCfg = Release|Any CPU
		{6ACBB699-108E-42A6-843D-9E70A4DEB683}.Release|Any CPU.Build.0 = Release|Any CPU
	EndGlobalSection
	GlobalSection(SolutionProperties) = preSolution
		HideSolutionNode = FALSE
	EndGlobalSection
	GlobalSection(ExtensibilityGlobals) = postSolution
		SolutionGuid = {6E22F87C-E06C-471C-9309-E4F98AB48D5F}
	EndGlobalSection
EndGlobal
